// !$*UTF8*$!
{
	archiveVersion = 1;
	classes = {
	};
	objectVersion = 55;
	objects = {

/* Begin PBXBuildFile section */
		8609AE1428B7FB8200FD4126 /* NotesTableViewCell.swift in Sources */ = {isa = PBXBuildFile; fileRef = 8609AE1328B7FB8200FD4126 /* NotesTableViewCell.swift */; };
		8609AE1628B8D74700FD4126 /* NotesModel.swift in Sources */ = {isa = PBXBuildFile; fileRef = 8609AE1528B8D74700FD4126 /* NotesModel.swift */; };
		86A7105A28B8FCE4003214BB /* NewNotesTableViewController.swift in Sources */ = {isa = PBXBuildFile; fileRef = 86A7105928B8FCE4003214BB /* NewNotesTableViewController.swift */; };
		86E233EA28B7F4AC00704744 /* AppDelegate.swift in Sources */ = {isa = PBXBuildFile; fileRef = 86E233E928B7F4AC00704744 /* AppDelegate.swift */; };
		86E233EC28B7F4AC00704744 /* SceneDelegate.swift in Sources */ = {isa = PBXBuildFile; fileRef = 86E233EB28B7F4AC00704744 /* SceneDelegate.swift */; };
		86E233F128B7F4AC00704744 /* Main.storyboard in Resources */ = {isa = PBXBuildFile; fileRef = 86E233EF28B7F4AC00704744 /* Main.storyboard */; };
		86E233F328B7F4AC00704744 /* Assets.xcassets in Resources */ = {isa = PBXBuildFile; fileRef = 86E233F228B7F4AC00704744 /* Assets.xcassets */; };
		86E233F628B7F4AC00704744 /* LaunchScreen.storyboard in Resources */ = {isa = PBXBuildFile; fileRef = 86E233F428B7F4AC00704744 /* LaunchScreen.storyboard */; };
		86E233FE28B7F64C00704744 /* NotesTableViewController.swift in Sources */ = {isa = PBXBuildFile; fileRef = 86E233FD28B7F64C00704744 /* NotesTableViewController.swift */; };
/* End PBXBuildFile section */

/* Begin PBXFileReference section */
		8609AE1328B7FB8200FD4126 /* NotesTableViewCell.swift */ = {isa = PBXFileReference; lastKnownFileType = sourcecode.swift; path = NotesTableViewCell.swift; sourceTree = "<group>"; };
		8609AE1528B8D74700FD4126 /* NotesModel.swift */ = {isa = PBXFileReference; lastKnownFileType = sourcecode.swift; path = NotesModel.swift; sourceTree = "<group>"; };
		86A7105928B8FCE4003214BB /* NewNotesTableViewController.swift */ = {isa = PBXFileReference; lastKnownFileType = sourcecode.swift; path = NewNotesTableViewController.swift; sourceTree = "<group>"; };
		86E233E628B7F4AC00704744 /* Notes.app */ = {isa = PBXFileReference; explicitFileType = wrapper.application; includeInIndex = 0; path = Notes.app; sourceTree = BUILT_PRODUCTS_DIR; };
		86E233E928B7F4AC00704744 /* AppDelegate.swift */ = {isa = PBXFileReference; lastKnownFileType = sourcecode.swift; path = AppDelegate.swift; sourceTree = "<group>"; };
		86E233EB28B7F4AC00704744 /* SceneDelegate.swift */ = {isa = PBXFileReference; lastKnownFileType = sourcecode.swift; path = SceneDelegate.swift; sourceTree = "<group>"; };
		86E233F028B7F4AC00704744 /* Base */ = {isa = PBXFileReference; lastKnownFileType = file.storyboard; name = Base; path = Base.lproj/Main.storyboard; sourceTree = "<group>"; };
		86E233F228B7F4AC00704744 /* Assets.xcassets */ = {isa = PBXFileReference; lastKnownFileType = folder.assetcatalog; path = Assets.xcassets; sourceTree = "<group>"; };
		86E233F528B7F4AC00704744 /* Base */ = {isa = PBXFileReference; lastKnownFileType = file.storyboard; name = Base; path = Base.lproj/LaunchScreen.storyboard; sourceTree = "<group>"; };
		86E233F728B7F4AC00704744 /* Info.plist */ = {isa = PBXFileReference; lastKnownFileType = text.plist.xml; path = Info.plist; sourceTree = "<group>"; };
		86E233FD28B7F64C00704744 /* NotesTableViewController.swift */ = {isa = PBXFileReference; lastKnownFileType = sourcecode.swift; path = NotesTableViewController.swift; sourceTree = "<group>"; };
/* End PBXFileReference section */

/* Begin PBXFrameworksBuildPhase section */
		86E233E328B7F4AC00704744 /* Frameworks */ = {
			isa = PBXFrameworksBuildPhase;
			buildActionMask = 2147483647;
			files = (
			);
			runOnlyForDeploymentPostprocessing = 0;
		};
/* End PBXFrameworksBuildPhase section */

/* Begin PBXGroup section */
		86A7105B28B91589003214BB /* ViewControllers */ = {
			isa = PBXGroup;
			children = (
				86A7105928B8FCE4003214BB /* NewNotesTableViewController.swift */,
				86E233FD28B7F64C00704744 /* NotesTableViewController.swift */,
				8609AE1328B7FB8200FD4126 /* NotesTableViewCell.swift */,
			);
			path = ViewControllers;
			sourceTree = "<group>";
		};
		86A7105C28B915B5003214BB /* StoryBoards */ = {
			isa = PBXGroup;
			children = (
				86E233EF28B7F4AC00704744 /* Main.storyboard */,
				86E233F428B7F4AC00704744 /* LaunchScreen.storyboard */,
			);
			path = StoryBoards;
			sourceTree = "<group>";
		};
		86A7105D28B915DF003214BB /* Models */ = {
			isa = PBXGroup;
			children = (
				8609AE1528B8D74700FD4126 /* NotesModel.swift */,
			);
			path = Models;
			sourceTree = "<group>";
		};
		86A7105E28B915EE003214BB /* Resources */ = {
			isa = PBXGroup;
			children = (
				86E233F228B7F4AC00704744 /* Assets.xcassets */,
			);
			path = Resources;
			sourceTree = "<group>";
		};
		86A7105F28B91609003214BB /* App */ = {
			isa = PBXGroup;
			children = (
				86E233E928B7F4AC00704744 /* AppDelegate.swift */,
				86E233EB28B7F4AC00704744 /* SceneDelegate.swift */,
				86E233F728B7F4AC00704744 /* Info.plist */,
			);
			path = App;
			sourceTree = "<group>";
		};
		86E233DD28B7F4AC00704744 = {
			isa = PBXGroup;
			children = (
				86E233E828B7F4AC00704744 /* Notes */,
				86E233E728B7F4AC00704744 /* Products */,
			);
			sourceTree = "<group>";
		};
		86E233E728B7F4AC00704744 /* Products */ = {
			isa = PBXGroup;
			children = (
				86E233E628B7F4AC00704744 /* Notes.app */,
			);
			name = Products;
			sourceTree = "<group>";
		};
		86E233E828B7F4AC00704744 /* Notes */ = {
			isa = PBXGroup;
			children = (
				86A7105F28B91609003214BB /* App */,
				86A7105D28B915DF003214BB /* Models */,
				86A7105C28B915B5003214BB /* StoryBoards */,
				86A7105B28B91589003214BB /* ViewControllers */,
				86A7105E28B915EE003214BB /* Resources */,
			);
			path = Notes;
			sourceTree = "<group>";
		};
/* End PBXGroup section */

/* Begin PBXNativeTarget section */
		86E233E528B7F4AC00704744 /* Notes */ = {
			isa = PBXNativeTarget;
			buildConfigurationList = 86E233FA28B7F4AC00704744 /* Build configuration list for PBXNativeTarget "Notes" */;
			buildPhases = (
				86E233E228B7F4AC00704744 /* Sources */,
				86E233E328B7F4AC00704744 /* Frameworks */,
				86E233E428B7F4AC00704744 /* Resources */,
			);
			buildRules = (
			);
			dependencies = (
			);
			name = Notes;
			productName = Notes;
			productReference = 86E233E628B7F4AC00704744 /* Notes.app */;
			productType = "com.apple.product-type.application";
		};
/* End PBXNativeTarget section */

/* Begin PBXProject section */
		86E233DE28B7F4AC00704744 /* Project object */ = {
			isa = PBXProject;
			attributes = {
				BuildIndependentTargetsInParallel = 1;
				LastSwiftUpdateCheck = 1340;
				LastUpgradeCheck = 1340;
				TargetAttributes = {
					86E233E528B7F4AC00704744 = {
						CreatedOnToolsVersion = 13.4.1;
					};
				};
			};
			buildConfigurationList = 86E233E128B7F4AC00704744 /* Build configuration list for PBXProject "Notes" */;
			compatibilityVersion = "Xcode 13.0";
			developmentRegion = en;
			hasScannedForEncodings = 0;
			knownRegions = (
				en,
				Base,
			);
			mainGroup = 86E233DD28B7F4AC00704744;
			productRefGroup = 86E233E728B7F4AC00704744 /* Products */;
			projectDirPath = "";
			projectRoot = "";
			targets = (
				86E233E528B7F4AC00704744 /* Notes */,
			);
		};
/* End PBXProject section */

/* Begin PBXResourcesBuildPhase section */
		86E233E428B7F4AC00704744 /* Resources */ = {
			isa = PBXResourcesBuildPhase;
			buildActionMask = 2147483647;
			files = (
				86E233F628B7F4AC00704744 /* LaunchScreen.storyboard in Resources */,
				86E233F328B7F4AC00704744 /* Assets.xcassets in Resources */,
				86E233F128B7F4AC00704744 /* Main.storyboard in Resources */,
			);
			runOnlyForDeploymentPostprocessing = 0;
		};
/* End PBXResourcesBuildPhase section */

/* Begin PBXSourcesBuildPhase section */
		86E233E228B7F4AC00704744 /* Sources */ = {
			isa = PBXSourcesBuildPhase;
			buildActionMask = 2147483647;
			files = (
				86E233FE28B7F64C00704744 /* NotesTableViewController.swift in Sources */,
				8609AE1428B7FB8200FD4126 /* NotesTableViewCell.swift in Sources */,
				86E233EA28B7F4AC00704744 /* AppDelegate.swift in Sources */,
				86E233EC28B7F4AC00704744 /* SceneDelegate.swift in Sources */,
				86A7105A28B8FCE4003214BB /* NewNotesTableViewController.swift in Sources */,
				8609AE1628B8D74700FD4126 /* NotesModel.swift in Sources */,
			);
			runOnlyForDeploymentPostprocessing = 0;
		};
/* End PBXSourcesBuildPhase section */

/* Begin PBXVariantGroup section */
		86E233EF28B7F4AC00704744 /* Main.storyboard */ = {
			isa = PBXVariantGroup;
			children = (
				86E233F028B7F4AC00704744 /* Base */,
			);
			name = Main.storyboard;
			sourceTree = "<group>";
		};
		86E233F428B7F4AC00704744 /* LaunchScreen.storyboard */ = {
			isa = PBXVariantGroup;
			children = (
				86E233F528B7F4AC00704744 /* Base */,
			);
			name = LaunchScreen.storyboard;
			sourceTree = "<group>";
		};
/* End PBXVariantGroup section */

/* Begin XCBuildConfiguration section */
		86E233F828B7F4AC00704744 /* Debug */ = {
			isa = XCBuildConfiguration;
			buildSettings = {
				ALWAYS_SEARCH_USER_PATHS = NO;
				CLANG_ANALYZER_NONNULL = YES;
				CLANG_ANALYZER_NUMBER_OBJECT_CONVERSION = YES_AGGRESSIVE;
				CLANG_CXX_LANGUAGE_STANDARD = "gnu++17";
				CLANG_ENABLE_MODULES = YES;
				CLANG_ENABLE_OBJC_ARC = YES;
				CLANG_ENABLE_OBJC_WEAK = YES;
				CLANG_WARN_BLOCK_CAPTURE_AUTORELEASING = YES;
				CLANG_WARN_BOOL_CONVERSION = YES;
				CLANG_WARN_COMMA = YES;
				CLANG_WARN_CONSTANT_CONVERSION = YES;
				CLANG_WARN_DEPRECATED_OBJC_IMPLEMENTATIONS = YES;
				CLANG_WARN_DIRECT_OBJC_ISA_USAGE = YES_ERROR;
				CLANG_WARN_DOCUMENTATION_COMMENTS = YES;
				CLANG_WARN_EMPTY_BODY = YES;
				CLANG_WARN_ENUM_CONVERSION = YES;
				CLANG_WARN_INFINITE_RECURSION = YES;
				CLANG_WARN_INT_CONVERSION = YES;
				CLANG_WARN_NON_LITERAL_NULL_CONVERSION = YES;
				CLANG_WARN_OBJC_IMPLICIT_RETAIN_SELF = YES;
				CLANG_WARN_OBJC_LITERAL_CONVERSION = YES;
				CLANG_WARN_OBJC_ROOT_CLASS = YES_ERROR;
				CLANG_WARN_QUOTED_INCLUDE_IN_FRAMEWORK_HEADER = YES;
				CLANG_WARN_RANGE_LOOP_ANALYSIS = YES;
				CLANG_WARN_STRICT_PROTOTYPES = YES;
				CLANG_WARN_SUSPICIOUS_MOVE = YES;
				CLANG_WARN_UNGUARDED_AVAILABILITY = YES_AGGRESSIVE;
				CLANG_WARN_UNREACHABLE_CODE = YES;
				CLANG_WARN__DUPLICATE_METHOD_MATCH = YES;
				COPY_PHASE_STRIP = NO;
				DEBUG_INFORMATION_FORMAT = dwarf;
				ENABLE_STRICT_OBJC_MSGSEND = YES;
				ENABLE_TESTABILITY = YES;
				GCC_C_LANGUAGE_STANDARD = gnu11;
				GCC_DYNAMIC_NO_PIC = NO;
				GCC_NO_COMMON_BLOCKS = YES;
				GCC_OPTIMIZATION_LEVEL = 0;
				GCC_PREPROCESSOR_DEFINITIONS = (
					"DEBUG=1",
					"$(inherited)",
				);
				GCC_WARN_64_TO_32_BIT_CONVERSION = YES;
				GCC_WARN_ABOUT_RETURN_TYPE = YES_ERROR;
				GCC_WARN_UNDECLARED_SELECTOR = YES;
				GCC_WARN_UNINITIALIZED_AUTOS = YES_AGGRESSIVE;
				GCC_WARN_UNUSED_FUNCTION = YES;
				GCC_WARN_UNUSED_VARIABLE = YES;
				IPHONEOS_DEPLOYMENT_TARGET = 15.5;
				MTL_ENABLE_DEBUG_INFO = INCLUDE_SOURCE;
				MTL_FAST_MATH = YES;
				ONLY_ACTIVE_ARCH = YES;
				SDKROOT = iphoneos;
				SWIFT_ACTIVE_COMPILATION_CONDITIONS = DEBUG;
				SWIFT_OPTIMIZATION_LEVEL = "-Onone";
			};
			name = Debug;
		};
		86E233F928B7F4AC00704744 /* Release */ = {
			isa = XCBuildConfiguration;
			buildSettings = {
				ALWAYS_SEARCH_USER_PATHS = NO;
				CLANG_ANALYZER_NONNULL = YES;
				CLANG_ANALYZER_NUMBER_OBJECT_CONVERSION = YES_AGGRESSIVE;
				CLANG_CXX_LANGUAGE_STANDARD = "gnu++17";
				CLANG_ENABLE_MODULES = YES;
				CLANG_ENABLE_OBJC_ARC = YES;
				CLANG_ENABLE_OBJC_WEAK = YES;
				CLANG_WARN_BLOCK_CAPTURE_AUTORELEASING = YES;
				CLANG_WARN_BOOL_CONVERSION = YES;
				CLANG_WARN_COMMA = YES;
				CLANG_WARN_CONSTANT_CONVERSION = YES;
				CLANG_WARN_DEPRECATED_OBJC_IMPLEMENTATIONS = YES;
				CLANG_WARN_DIRECT_OBJC_ISA_USAGE = YES_ERROR;
				CLANG_WARN_DOCUMENTATION_COMMENTS = YES;
				CLANG_WARN_EMPTY_BODY = YES;
				CLANG_WARN_ENUM_CONVERSION = YES;
				CLANG_WARN_INFINITE_RECURSION = YES;
				CLANG_WARN_INT_CONVERSION = YES;
				CLANG_WARN_NON_LITERAL_NULL_CONVERSION = YES;
				CLANG_WARN_OBJC_IMPLICIT_RETAIN_SELF = YES;
				CLANG_WARN_OBJC_LITERAL_CONVERSION = YES;
				CLANG_WARN_OBJC_ROOT_CLASS = YES_ERROR;
				CLANG_WARN_QUOTED_INCLUDE_IN_FRAMEWORK_HEADER = YES;
				CLANG_WARN_RANGE_LOOP_ANALYSIS = YES;
				CLANG_WARN_STRICT_PROTOTYPES = YES;
				CLANG_WARN_SUSPICIOUS_MOVE = YES;
				CLANG_WARN_UNGUARDED_AVAILABILITY = YES_AGGRESSIVE;
				CLANG_WARN_UNREACHABLE_CODE = YES;
				CLANG_WARN__DUPLICATE_METHOD_MATCH = YES;
				COPY_PHASE_STRIP = NO;
				DEBUG_INFORMATION_FORMAT = "dwarf-with-dsym";
				ENABLE_NS_ASSERTIONS = NO;
				ENABLE_STRICT_OBJC_MSGSEND = YES;
				GCC_C_LANGUAGE_STANDARD = gnu11;
				GCC_NO_COMMON_BLOCKS = YES;
				GCC_WARN_64_TO_32_BIT_CONVERSION = YES;
				GCC_WARN_ABOUT_RETURN_TYPE = YES_ERROR;
				GCC_WARN_UNDECLARED_SELECTOR = YES;
				GCC_WARN_UNINITIALIZED_AUTOS = YES_AGGRESSIVE;
				GCC_WARN_UNUSED_FUNCTION = YES;
				GCC_WARN_UNUSED_VARIABLE = YES;
				IPHONEOS_DEPLOYMENT_TARGET = 15.5;
				MTL_ENABLE_DEBUG_INFO = NO;
				MTL_FAST_MATH = YES;
				SDKROOT = iphoneos;
				SWIFT_COMPILATION_MODE = wholemodule;
				SWIFT_OPTIMIZATION_LEVEL = "-O";
				VALIDATE_PRODUCT = YES;
			};
			name = Release;
		};
		86E233FB28B7F4AC00704744 /* Debug */ = {
			isa = XCBuildConfiguration;
			buildSettings = {
				ASSETCATALOG_COMPILER_APPICON_NAME = AppIcon;
				ASSETCATALOG_COMPILER_GLOBAL_ACCENT_COLOR_NAME = AccentColor;
				CODE_SIGN_STYLE = Automatic;
				CURRENT_PROJECT_VERSION = 1;
				DEVELOPMENT_TEAM = RB4GHHSS4P;
				GENERATE_INFOPLIST_FILE = YES;
				INFOPLIST_FILE = Notes/App/Info.plist;
				INFOPLIST_KEY_UIApplicationSupportsIndirectInputEvents = YES;
				INFOPLIST_KEY_UILaunchStoryboardName = LaunchScreen;
				INFOPLIST_KEY_UIMainStoryboardFile = Main;
				INFOPLIST_KEY_UISupportedInterfaceOrientations = UIInterfaceOrientationPortrait;
				INFOPLIST_KEY_UISupportedInterfaceOrientations_iPad = "UIInterfaceOrientationPortrait UIInterfaceOrientationPortraitUpsideDown UIInterfaceOrientationLandscapeLeft UIInterfaceOrientationLandscapeRight";
				INFOPLIST_KEY_UISupportedInterfaceOrientations_iPhone = "UIInterfaceOrientationPortrait UIInterfaceOrientationLandscapeLeft UIInterfaceOrientationLandscapeRight";
				LD_RUNPATH_SEARCH_PATHS = (
					"$(inherited)",
					"@executable_path/Frameworks",
				);
				MARKETING_VERSION = 1.0;
				PRODUCT_BUNDLE_IDENTIFIER = DenysIlnytskyi.Notes;
				PRODUCT_NAME = "$(TARGET_NAME)";
				SWIFT_EMIT_LOC_STRINGS = YES;
				SWIFT_VERSION = 5.0;
				TARGETED_DEVICE_FAMILY = 1;
			};
			name = Debug;
		};
		86E233FC28B7F4AC00704744 /* Release */ = {
			isa = XCBuildConfiguration;
			buildSettings = {
				ASSETCATALOG_COMPILER_APPICON_NAME = AppIcon;
				ASSETCATALOG_COMPILER_GLOBAL_ACCENT_COLOR_NAME = AccentColor;
				CODE_SIGN_STYLE = Automatic;
				CURRENT_PROJECT_VERSION = 1;
				DEVELOPMENT_TEAM = RB4GHHSS4P;
				GENERATE_INFOPLIST_FILE = YES;
				INFOPLIST_FILE = Notes/App/Info.plist;
				INFOPLIST_KEY_UIApplicationSupportsIndirectInputEvents = YES;
				INFOPLIST_KEY_UILaunchStoryboardName = LaunchScreen;
				INFOPLIST_KEY_UIMainStoryboardFile = Main;
				INFOPLIST_KEY_UISupportedInterfaceOrientations = UIInterfaceOrientationPortrait;
				INFOPLIST_KEY_UISupportedInterfaceOrientations_iPad = "UIInterfaceOrientationPortrait UIInterfaceOrientationPortraitUpsideDown UIInterfaceOrientationLandscapeLeft UIInterfaceOrientationLandscapeRight";
				INFOPLIST_KEY_UISupportedInterfaceOrientations_iPhone = "UIInterfaceOrientationPortrait UIInterfaceOrientationLandscapeLeft UIInterfaceOrientationLandscapeRight";
				LD_RUNPATH_SEARCH_PATHS = (
					"$(inherited)",
					"@executable_path/Frameworks",
				);
				MARKETING_VERSION = 1.0;
				PRODUCT_BUNDLE_IDENTIFIER = DenysIlnytskyi.Notes;
				PRODUCT_NAME = "$(TARGET_NAME)";
				SWIFT_EMIT_LOC_STRINGS = YES;
				SWIFT_VERSION = 5.0;
				TARGETED_DEVICE_FAMILY = 1;
			};
			name = Release;
		};
/* End XCBuildConfiguration section */

/* Begin XCConfigurationList section */
		86E233E128B7F4AC00704744 /* Build configuration list for PBXProject "Notes" */ = {
			isa = XCConfigurationList;
			buildConfigurations = (
				86E233F828B7F4AC00704744 /* Debug */,
				86E233F928B7F4AC00704744 /* Release */,
			);
			defaultConfigurationIsVisible = 0;
			defaultConfigurationName = Release;
		};
		86E233FA28B7F4AC00704744 /* Build configuration list for PBXNativeTarget "Notes" */ = {
			isa = XCConfigurationList;
			buildConfigurations = (
				86E233FB28B7F4AC00704744 /* Debug */,
				86E233FC28B7F4AC00704744 /* Release */,
			);
			defaultConfigurationIsVisible = 0;
			defaultConfigurationName = Release;
		};
/* End XCConfigurationList section */
	};
	rootObject = 86E233DE28B7F4AC00704744 /* Project object */;
}
